
Microsoft Visual Studio Solution File, Format Version 12.00
# Visual Studio 14
VisualStudioVersion = 14.0.25420.1
MinimumVisualStudioVersion = 10.0.40219.1
Project("{FAE04EC0-301F-11D3-BF4B-00C04F79EFBC}") = "EjerciciosCapitulo9", "EjerciciosCapitulo9\EjerciciosCapitulo9.csproj", "{AEF8E904-1809-4C93-A6CC-D40552BFE09B}"
EndProject
Global
	GlobalSection(SolutionConfigurationPlatforms) = preSolution
		Debug|Any CPU = Debug|Any CPU
		Release|Any CPU = Release|Any CPU
	EndGlobalSection
	GlobalSection(ProjectConfigurationPlatforms) = postSolution
		{AEF8E904-1809-4C93-A6CC-D40552BFE09B}.Debug|Any CPU.ActiveCfg = Debug|Any CPU
		{AEF8E904-1809-4C93-A6CC-D40552BFE09B}.Debug|Any CPU.Build.0 = Debug|Any CPU
		{AEF8E904-1809-4C93-A6CC-D40552BFE09B}.Release|Any CPU.ActiveCfg = Release|Any CPU
		{AEF8E904-1809-4C93-A6CC-D40552BFE09B}.Release|Any CPU.Build.0 = Release|Any CPU
	EndGlobalSection
	GlobalSection(SolutionProperties) = preSolution
		HideSolutionNode = FALSE
	EndGlobalSection
EndGlobal
